
Microsoft Visual Studio Solution File, Format Version 12.00
# Visual Studio Version 17
VisualStudioVersion = 17.7.34031.279
MinimumVisualStudioVersion = 10.0.40219.1
Project("{FAE04EC0-301F-11D3-BF4B-00C04F79EFBC}") = "Workaround", "Workaround\Workaround.csproj", "{C4B5AFB9-DE55-4938-B23E-CFE07BB604F5}"
EndProject
Project("{FAE04EC0-301F-11D3-BF4B-00C04F79EFBC}") = "Entities", "Entities\Entities.csproj", "{0D2A1E59-FB56-4BCE-8389-892AEEE773C4}"
EndProject
Project("{FAE04EC0-301F-11D3-BF4B-00C04F79EFBC}") = "Business", "Business\Business.csproj", "{CCEBD99D-7B55-4ED3-AFE8-C445C186997E}"
EndProject
Global
	GlobalSection(SolutionConfigurationPlatforms) = preSolution
		Debug|Any CPU = Debug|Any CPU
		Release|Any CPU = Release|Any CPU
	EndGlobalSection
	GlobalSection(ProjectConfigurationPlatforms) = postSolution
		{C4B5AFB9-DE55-4938-B23E-CFE07BB604F5}.Debug|Any CPU.ActiveCfg = Debug|Any CPU
		{C4B5AFB9-DE55-4938-B23E-CFE07BB604F5}.Debug|Any CPU.Build.0 = Debug|Any CPU
		{C4B5AFB9-DE55-4938-B23E-CFE07BB604F5}.Release|Any CPU.ActiveCfg = Release|Any CPU
		{C4B5AFB9-DE55-4938-B23E-CFE07BB604F5}.Release|Any CPU.Build.0 = Release|Any CPU
		{0D2A1E59-FB56-4BCE-8389-892AEEE773C4}.Debug|Any CPU.ActiveCfg = Debug|Any CPU
		{0D2A1E59-FB56-4BCE-8389-892AEEE773C4}.Debug|Any CPU.Build.0 = Debug|Any CPU
		{0D2A1E59-FB56-4BCE-8389-892AEEE773C4}.Release|Any CPU.ActiveCfg = Release|Any CPU
		{0D2A1E59-FB56-4BCE-8389-892AEEE773C4}.Release|Any CPU.Build.0 = Release|Any CPU
		{CCEBD99D-7B55-4ED3-AFE8-C445C186997E}.Debug|Any CPU.ActiveCfg = Debug|Any CPU
		{CCEBD99D-7B55-4ED3-AFE8-C445C186997E}.Debug|Any CPU.Build.0 = Debug|Any CPU
		{CCEBD99D-7B55-4ED3-AFE8-C445C186997E}.Release|Any CPU.ActiveCfg = Release|Any CPU
		{CCEBD99D-7B55-4ED3-AFE8-C445C186997E}.Release|Any CPU.Build.0 = Release|Any CPU
	EndGlobalSection
	GlobalSection(SolutionProperties) = preSolution
		HideSolutionNode = FALSE
	EndGlobalSection
	GlobalSection(ExtensibilityGlobals) = postSolution
		SolutionGuid = {1E95157F-A4DF-4AAB-B66A-B19BAF597693}
	EndGlobalSection
EndGlobal
